
Microsoft Visual Studio Solution File, Format Version 12.00
# Visual Studio Version 16
VisualStudioVersion = 16.0.31112.23
MinimumVisualStudioVersion = 10.0.40219.1
Project("{FAE04EC0-301F-11D3-BF4B-00C04F79EFBC}") = "EF6_CodeFirst", "EF6_CodeFirst\EF6_CodeFirst.csproj", "{87774BF2-B871-49D7-BA4F-3C2C6FEFF90D}"
EndProject
Global
	GlobalSection(SolutionConfigurationPlatforms) = preSolution
		Debug|Any CPU = Debug|Any CPU
		Release|Any CPU = Release|Any CPU
	EndGlobalSection
	GlobalSection(ProjectConfigurationPlatforms) = postSolution
		{87774BF2-B871-49D7-BA4F-3C2C6FEFF90D}.Debug|Any CPU.ActiveCfg = Debug|Any CPU
		{87774BF2-B871-49D7-BA4F-3C2C6FEFF90D}.Debug|Any CPU.Build.0 = Debug|Any CPU
		{87774BF2-B871-49D7-BA4F-3C2C6FEFF90D}.Release|Any CPU.ActiveCfg = Release|Any CPU
		{87774BF2-B871-49D7-BA4F-3C2C6FEFF90D}.Release|Any CPU.Build.0 = Release|Any CPU
	EndGlobalSection
	GlobalSection(SolutionProperties) = preSolution
		HideSolutionNode = FALSE
	EndGlobalSection
	GlobalSection(ExtensibilityGlobals) = postSolution
		SolutionGuid = {E3007B44-07E2-465D-89AC-CF2B16EB38AC}
	EndGlobalSection
EndGlobal
